// !$*UTF8*$!
{
	archiveVersion = 1;
	classes = {
	};
	objectVersion = 51;
	objects = {

/* Begin PBXBuildFile section */
		1AEBD0CDE9C86CF0471E79DE /* libPods-INS.a in Frameworks */ = {isa = PBXBuildFile; fileRef = DAFB1ADE54D3E72A6E8652FF /* libPods-INS.a */; };
		5176311024824E04000B8E00 /* DepartMent.m in Sources */ = {isa = PBXBuildFile; fileRef = 5176310E24824E04000B8E00 /* DepartMent.m */; };
		5176311624824E9C000B8E00 /* UTDBModel.m in Sources */ = {isa = PBXBuildFile; fileRef = 5176311324824E9C000B8E00 /* UTDBModel.m */; };
		5176311724824E9C000B8E00 /* UTDBHelper.m in Sources */ = {isa = PBXBuildFile; fileRef = 5176311424824E9C000B8E00 /* UTDBHelper.m */; };
		5176311B24825023000B8E00 /* NSObject+hook.m in Sources */ = {isa = PBXBuildFile; fileRef = 5176311A24825023000B8E00 /* NSObject+hook.m */; };
		5176312224825869000B8E00 /* BaseViewController.m in Sources */ = {isa = PBXBuildFile; fileRef = 5176312024825869000B8E00 /* BaseViewController.m */; };
		517631252482588D000B8E00 /* UIImage+Color.m in Sources */ = {isa = PBXBuildFile; fileRef = 517631232482588D000B8E00 /* UIImage+Color.m */; };
		51763128248258BA000B8E00 /* CenterButton.m in Sources */ = {isa = PBXBuildFile; fileRef = 51763127248258BA000B8E00 /* CenterButton.m */; };
		5176313324825C65000B8E00 /* Util.m in Sources */ = {isa = PBXBuildFile; fileRef = 5176313124825C65000B8E00 /* Util.m */; };
		5176313624825C9A000B8E00 /* BlockButton.m in Sources */ = {isa = PBXBuildFile; fileRef = 5176313424825C99000B8E00 /* BlockButton.m */; };
		5176313A24825CEC000B8E00 /* KeychainItemWrapper.m in Sources */ = {isa = PBXBuildFile; fileRef = 5176313824825CEC000B8E00 /* KeychainItemWrapper.m */; settings = {COMPILER_FLAGS = "-fno-objc-arc"; }; };
		5176313E24825DF0000B8E00 /* LoginVC.m in Sources */ = {isa = PBXBuildFile; fileRef = 5176313C24825DF0000B8E00 /* LoginVC.m */; };
		5176313F24825DF0000B8E00 /* LoginVC.xib in Resources */ = {isa = PBXBuildFile; fileRef = 5176313D24825DF0000B8E00 /* LoginVC.xib */; };
		5176314224825FCB000B8E00 /* MPBaseNavigationController.m in Sources */ = {isa = PBXBuildFile; fileRef = 5176314124825FCB000B8E00 /* MPBaseNavigationController.m */; };
		51763146248260AF000B8E00 /* UserModel.m in Sources */ = {isa = PBXBuildFile; fileRef = 51763144248260AF000B8E00 /* UserModel.m */; };
		5176314924826279000B8E00 /* MPHomeViewController.m in Sources */ = {isa = PBXBuildFile; fileRef = 5176314824826279000B8E00 /* MPHomeViewController.m */; };
		517631522482642C000B8E00 /* HomeVC.m in Sources */ = {isa = PBXBuildFile; fileRef = 517631502482642C000B8E00 /* HomeVC.m */; };
		517631532482642C000B8E00 /* HomeVC.xib in Resources */ = {isa = PBXBuildFile; fileRef = 517631512482642C000B8E00 /* HomeVC.xib */; };
		517631572482643A000B8E00 /* MsgVC.m in Sources */ = {isa = PBXBuildFile; fileRef = 517631552482643A000B8E00 /* MsgVC.m */; };
		517631582482643A000B8E00 /* MsgVC.xib in Resources */ = {isa = PBXBuildFile; fileRef = 517631562482643A000B8E00 /* MsgVC.xib */; };
		5176315C24826444000B8E00 /* MineVC.m in Sources */ = {isa = PBXBuildFile; fileRef = 5176315A24826444000B8E00 /* MineVC.m */; };
		5176315D24826444000B8E00 /* MineVC.xib in Resources */ = {isa = PBXBuildFile; fileRef = 5176315B24826444000B8E00 /* MineVC.xib */; };
		5176316124826452000B8E00 /* FindVC.m in Sources */ = {isa = PBXBuildFile; fileRef = 5176315F24826452000B8E00 /* FindVC.m */; };
		5176316224826452000B8E00 /* FindVC.xib in Resources */ = {isa = PBXBuildFile; fileRef = 5176316024826452000B8E00 /* FindVC.xib */; };
		5176316624826464000B8E00 /* AddVC.m in Sources */ = {isa = PBXBuildFile; fileRef = 5176316424826464000B8E00 /* AddVC.m */; };
		5176316724826464000B8E00 /* AddVC.xib in Resources */ = {isa = PBXBuildFile; fileRef = 5176316524826464000B8E00 /* AddVC.xib */; };
		51DE302C247F4DE200660B90 /* AppDelegate.m in Sources */ = {isa = PBXBuildFile; fileRef = 51DE302B247F4DE200660B90 /* AppDelegate.m */; };
		51DE3032247F4DE200660B90 /* ViewController.m in Sources */ = {isa = PBXBuildFile; fileRef = 51DE3031247F4DE200660B90 /* ViewController.m */; };
		51DE3035247F4DE200660B90 /* Main.storyboard in Resources */ = {isa = PBXBuildFile; fileRef = 51DE3033247F4DE200660B90 /* Main.storyboard */; };
		51DE3037247F4DE400660B90 /* Assets.xcassets in Resources */ = {isa = PBXBuildFile; fileRef = 51DE3036247F4DE400660B90 /* Assets.xcassets */; };
		51DE303A247F4DE400660B90 /* LaunchScreen.storyboard in Resources */ = {isa = PBXBuildFile; fileRef = 51DE3038247F4DE400660B90 /* LaunchScreen.storyboard */; };
		51DE303D247F4DE400660B90 /* main.m in Sources */ = {isa = PBXBuildFile; fileRef = 51DE303C247F4DE400660B90 /* main.m */; };
		51DE3074247FA60800660B90 /* UIScrollView+EmptyDataSet.m in Sources */ = {isa = PBXBuildFile; fileRef = 51DE3045247FA60800660B90 /* UIScrollView+EmptyDataSet.m */; };
		51DE3075247FA60800660B90 /* UIScrollView+MJRefresh.m in Sources */ = {isa = PBXBuildFile; fileRef = 51DE3048247FA60800660B90 /* UIScrollView+MJRefresh.m */; };
		51DE3076247FA60800660B90 /* MJRefreshConst.m in Sources */ = {isa = PBXBuildFile; fileRef = 51DE3049247FA60800660B90 /* MJRefreshConst.m */; };
		51DE3077247FA60800660B90 /* MJRefresh.bundle in Resources */ = {isa = PBXBuildFile; fileRef = 51DE304C247FA60800660B90 /* MJRefresh.bundle */; };
		51DE3078247FA60800660B90 /* UIScrollView+MJExtension.m in Sources */ = {isa = PBXBuildFile; fileRef = 51DE304E247FA60800660B90 /* UIScrollView+MJExtension.m */; };
		51DE3079247FA60800660B90 /* UIView+MJExtension.m in Sources */ = {isa = PBXBuildFile; fileRef = 51DE3051247FA60800660B90 /* UIView+MJExtension.m */; };
		51DE307A247FA60800660B90 /* MJRefreshBackGifFooter.m in Sources */ = {isa = PBXBuildFile; fileRef = 51DE3058247FA60800660B90 /* MJRefreshBackGifFooter.m */; };
		51DE307B247FA60800660B90 /* MJRefreshBackStateFooter.m in Sources */ = {isa = PBXBuildFile; fileRef = 51DE3059247FA60800660B90 /* MJRefreshBackStateFooter.m */; };
		51DE307C247FA60800660B90 /* MJRefreshBackNormalFooter.m in Sources */ = {isa = PBXBuildFile; fileRef = 51DE305A247FA60800660B90 /* MJRefreshBackNormalFooter.m */; };
		51DE307D247FA60800660B90 /* MJRefreshAutoStateFooter.m in Sources */ = {isa = PBXBuildFile; fileRef = 51DE305F247FA60800660B90 /* MJRefreshAutoStateFooter.m */; };
		51DE307E247FA60800660B90 /* MJRefreshAutoGifFooter.m in Sources */ = {isa = PBXBuildFile; fileRef = 51DE3060247FA60800660B90 /* MJRefreshAutoGifFooter.m */; };
		51DE307F247FA60800660B90 /* MJRefreshAutoNormalFooter.m in Sources */ = {isa = PBXBuildFile; fileRef = 51DE3061247FA60800660B90 /* MJRefreshAutoNormalFooter.m */; };
		51DE3080247FA60800660B90 /* MJRefreshNormalHeader.m in Sources */ = {isa = PBXBuildFile; fileRef = 51DE3063247FA60800660B90 /* MJRefreshNormalHeader.m */; };
		51DE3081247FA60800660B90 /* MJRefreshStateHeader.m in Sources */ = {isa = PBXBuildFile; fileRef = 51DE3067247FA60800660B90 /* MJRefreshStateHeader.m */; };
		51DE3082247FA60800660B90 /* MJRefreshGifHeader.m in Sources */ = {isa = PBXBuildFile; fileRef = 51DE3068247FA60800660B90 /* MJRefreshGifHeader.m */; };
		51DE3083247FA60800660B90 /* MJRefreshFooter.m in Sources */ = {isa = PBXBuildFile; fileRef = 51DE306A247FA60800660B90 /* MJRefreshFooter.m */; };
		51DE3084247FA60800660B90 /* MJRefreshHeader.m in Sources */ = {isa = PBXBuildFile; fileRef = 51DE306C247FA60800660B90 /* MJRefreshHeader.m */; };
		51DE3085247FA60800660B90 /* MJRefreshBackFooter.m in Sources */ = {isa = PBXBuildFile; fileRef = 51DE306E247FA60800660B90 /* MJRefreshBackFooter.m */; };
		51DE3086247FA60800660B90 /* MJRefreshAutoFooter.m in Sources */ = {isa = PBXBuildFile; fileRef = 51DE306F247FA60800660B90 /* MJRefreshAutoFooter.m */; };
		51DE3087247FA60800660B90 /* MJRefreshComponent.m in Sources */ = {isa = PBXBuildFile; fileRef = 51DE3071247FA60800660B90 /* MJRefreshComponent.m */; };
		51DE308B247FA7FE00660B90 /* RequestTool.m in Sources */ = {isa = PBXBuildFile; fileRef = 51DE308A247FA7FE00660B90 /* RequestTool.m */; };
		51DE3093247FB55800660B90 /* AFURLPostRequestSerialization.m in Sources */ = {isa = PBXBuildFile; fileRef = 51DE3092247FB55800660B90 /* AFURLPostRequestSerialization.m */; };
		9704EFFB2489512300E0D51E /* Billabong-Bold.ttf in Resources */ = {isa = PBXBuildFile; fileRef = 9704EFFA2489512300E0D51E /* Billabong-Bold.ttf */; };
		977E5D83248384F100B85C35 /* YYWeakProxy.m in Sources */ = {isa = PBXBuildFile; fileRef = 977E5D73248384F100B85C35 /* YYWeakProxy.m */; };
		977E5D84248384F100B85C35 /* ProgressShow.m in Sources */ = {isa = PBXBuildFile; fileRef = 977E5D74248384F100B85C35 /* ProgressShow.m */; };
		977E5D85248384F100B85C35 /* MessageShow.m in Sources */ = {isa = PBXBuildFile; fileRef = 977E5D75248384F100B85C35 /* MessageShow.m */; };
		977E5D86248384F100B85C35 /* iconError.png in Resources */ = {isa = PBXBuildFile; fileRef = 977E5D76248384F100B85C35 /* iconError.png */; };
		977E5D87248384F100B85C35 /* LXWaveProgressView.m in Sources */ = {isa = PBXBuildFile; fileRef = 977E5D78248384F100B85C35 /* LXWaveProgressView.m */; };
		977E5D88248384F100B85C35 /* INSHud.m in Sources */ = {isa = PBXBuildFile; fileRef = 977E5D79248384F100B85C35 /* INSHud.m */; };
		977E5D89248384F100B85C35 /* waiting_4.png in Resources */ = {isa = PBXBuildFile; fileRef = 977E5D7B248384F100B85C35 /* waiting_4.png */; };
		977E5D8A248384F100B85C35 /* waiting_5.png in Resources */ = {isa = PBXBuildFile; fileRef = 977E5D7C248384F100B85C35 /* waiting_5.png */; };
		977E5D8B248384F100B85C35 /* waiting_2.png in Resources */ = {isa = PBXBuildFile; fileRef = 977E5D7D248384F100B85C35 /* waiting_2.png */; };
		977E5D8C248384F100B85C35 /* waiting_3.png in Resources */ = {isa = PBXBuildFile; fileRef = 977E5D7E248384F100B85C35 /* waiting_3.png */; };
		977E5D8D248384F100B85C35 /* waiting_1.png in Resources */ = {isa = PBXBuildFile; fileRef = 977E5D7F248384F100B85C35 /* waiting_1.png */; };
		977E5D8E248384F100B85C35 /* iconSuccess.png in Resources */ = {isa = PBXBuildFile; fileRef = 977E5D82248384F100B85C35 /* iconSuccess.png */; };
		977E5D982483854F00B85C35 /* NSObject+AssociatedObject.m in Sources */ = {isa = PBXBuildFile; fileRef = 977E5D902483854E00B85C35 /* NSObject+AssociatedObject.m */; };
		977E5D992483854F00B85C35 /* LPAlertView.m in Sources */ = {isa = PBXBuildFile; fileRef = 977E5D932483854E00B85C35 /* LPAlertView.m */; };
		977E5D9A2483854F00B85C35 /* SnailPopupController.m in Sources */ = {isa = PBXBuildFile; fileRef = 977E5D942483854E00B85C35 /* SnailPopupController.m */; };
		977E5D9B2483854F00B85C35 /* SnailAlertView.m in Sources */ = {isa = PBXBuildFile; fileRef = 977E5D962483854E00B85C35 /* SnailAlertView.m */; };
		977E5D9E248385D500B85C35 /* UIView+Layout.m in Sources */ = {isa = PBXBuildFile; fileRef = 977E5D9D248385D500B85C35 /* UIView+Layout.m */; };
		977E5DA1248385F700B85C35 /* CALayer+Layout.m in Sources */ = {isa = PBXBuildFile; fileRef = 977E5DA0248385F700B85C35 /* CALayer+Layout.m */; };
/* End PBXBuildFile section */

/* Begin PBXFileReference section */
		1DAA82B5F515BD84400503BC /* Pods-INS.debug.xcconfig */ = {isa = PBXFileReference; includeInIndex = 1; lastKnownFileType = text.xcconfig; name = "Pods-INS.debug.xcconfig"; path = "Target Support Files/Pods-INS/Pods-INS.debug.xcconfig"; sourceTree = "<group>"; };
		5176310E24824E04000B8E00 /* DepartMent.m */ = {isa = PBXFileReference; fileEncoding = 4; lastKnownFileType = sourcecode.c.objc; path = DepartMent.m; sourceTree = "<group>"; };
		5176310F24824E04000B8E00 /* DepartMent.h */ = {isa = PBXFileReference; fileEncoding = 4; lastKnownFileType = sourcecode.c.h; path = DepartMent.h; sourceTree = "<group>"; };
		5176311224824E9C000B8E00 /* UTDBHelper.h */ = {isa = PBXFileReference; fileEncoding = 4; lastKnownFileType = sourcecode.c.h; path = UTDBHelper.h; sourceTree = "<group>"; };
		5176311324824E9C000B8E00 /* UTDBModel.m */ = {isa = PBXFileReference; fileEncoding = 4; lastKnownFileType = sourcecode.c.objc; path = UTDBModel.m; sourceTree = "<group>"; };
		5176311424824E9C000B8E00 /* UTDBHelper.m */ = {isa = PBXFileReference; fileEncoding = 4; lastKnownFileType = sourcecode.c.objc; path = UTDBHelper.m; sourceTree = "<group>"; };
		5176311524824E9C000B8E00 /* UTDBModel.h */ = {isa = PBXFileReference; fileEncoding = 4; lastKnownFileType = sourcecode.c.h; path = UTDBModel.h; sourceTree = "<group>"; };
		5176311924825023000B8E00 /* NSObject+hook.h */ = {isa = PBXFileReference; fileEncoding = 4; lastKnownFileType = sourcecode.c.h; path = "NSObject+hook.h"; sourceTree = "<group>"; };
		5176311A24825023000B8E00 /* NSObject+hook.m */ = {isa = PBXFileReference; fileEncoding = 4; lastKnownFileType = sourcecode.c.objc; path = "NSObject+hook.m"; sourceTree = "<group>"; };
		5176312024825869000B8E00 /* BaseViewController.m */ = {isa = PBXFileReference; fileEncoding = 4; lastKnownFileType = sourcecode.c.objc; path = BaseViewController.m; sourceTree = "<group>"; };
		5176312124825869000B8E00 /* BaseViewController.h */ = {isa = PBXFileReference; fileEncoding = 4; lastKnownFileType = sourcecode.c.h; path = BaseViewController.h; sourceTree = "<group>"; };
		517631232482588D000B8E00 /* UIImage+Color.m */ = {isa = PBXFileReference; fileEncoding = 4; lastKnownFileType = sourcecode.c.objc; path = "UIImage+Color.m"; sourceTree = "<group>"; };
		517631242482588D000B8E00 /* UIImage+Color.h */ = {isa = PBXFileReference; fileEncoding = 4; lastKnownFileType = sourcecode.c.h; path = "UIImage+Color.h"; sourceTree = "<group>"; };
		51763126248258BA000B8E00 /* CenterButton.h */ = {isa = PBXFileReference; fileEncoding = 4; lastKnownFileType = sourcecode.c.h; path = CenterButton.h; sourceTree = "<group>"; };
		51763127248258BA000B8E00 /* CenterButton.m */ = {isa = PBXFileReference; fileEncoding = 4; lastKnownFileType = sourcecode.c.objc; path = CenterButton.m; sourceTree = "<group>"; };
		5176312924825922000B8E00 /* DefineColor.h */ = {isa = PBXFileReference; fileEncoding = 4; lastKnownFileType = sourcecode.c.h; path = DefineColor.h; sourceTree = "<group>"; };
		5176312B248259E1000B8E00 /* DefineBase.h */ = {isa = PBXFileReference; fileEncoding = 4; lastKnownFileType = sourcecode.c.h; path = DefineBase.h; sourceTree = "<group>"; };
		5176312C24825A3E000B8E00 /* DefineUserModelKey.h */ = {isa = PBXFileReference; fileEncoding = 4; lastKnownFileType = sourcecode.c.h; path = DefineUserModelKey.h; sourceTree = "<group>"; };
		5176312D24825A3E000B8E00 /* DefineUIStyle.h */ = {isa = PBXFileReference; fileEncoding = 4; lastKnownFileType = sourcecode.c.h; path = DefineUIStyle.h; sourceTree = "<group>"; };
		5176312E24825A3E000B8E00 /* DefineKeyWord.h */ = {isa = PBXFileReference; fileEncoding = 4; lastKnownFileType = sourcecode.c.h; path = DefineKeyWord.h; sourceTree = "<group>"; };
		5176312F24825A3E000B8E00 /* DefineThirdPlatform.h */ = {isa = PBXFileReference; fileEncoding = 4; lastKnownFileType = sourcecode.c.h; path = DefineThirdPlatform.h; sourceTree = "<group>"; };
		5176313124825C65000B8E00 /* Util.m */ = {isa = PBXFileReference; fileEncoding = 4; lastKnownFileType = sourcecode.c.objc; path = Util.m; sourceTree = "<group>"; };
		5176313224825C65000B8E00 /* Util.h */ = {isa = PBXFileReference; fileEncoding = 4; lastKnownFileType = sourcecode.c.h; path = Util.h; sourceTree = "<group>"; };
		5176313424825C99000B8E00 /* BlockButton.m */ = {isa = PBXFileReference; fileEncoding = 4; lastKnownFileType = sourcecode.c.objc; path = BlockButton.m; sourceTree = "<group>"; };
		5176313524825C9A000B8E00 /* BlockButton.h */ = {isa = PBXFileReference; fileEncoding = 4; lastKnownFileType = sourcecode.c.h; path = BlockButton.h; sourceTree = "<group>"; };
		5176313824825CEC000B8E00 /* KeychainItemWrapper.m */ = {isa = PBXFileReference; fileEncoding = 4; lastKnownFileType = sourcecode.c.objc; path = KeychainItemWrapper.m; sourceTree = "<group>"; };
		5176313924825CEC000B8E00 /* KeychainItemWrapper.h */ = {isa = PBXFileReference; fileEncoding = 4; lastKnownFileType = sourcecode.c.h; path = KeychainItemWrapper.h; sourceTree = "<group>"; };
		5176313B24825DF0000B8E00 /* LoginVC.h */ = {isa = PBXFileReference; lastKnownFileType = sourcecode.c.h; path = LoginVC.h; sourceTree = "<group>"; };
		5176313C24825DF0000B8E00 /* LoginVC.m */ = {isa = PBXFileReference; lastKnownFileType = sourcecode.c.objc; path = LoginVC.m; sourceTree = "<group>"; };
		5176313D24825DF0000B8E00 /* LoginVC.xib */ = {isa = PBXFileReference; lastKnownFileType = file.xib; path = LoginVC.xib; sourceTree = "<group>"; };
		5176314024825FCB000B8E00 /* MPBaseNavigationController.h */ = {isa = PBXFileReference; fileEncoding = 4; lastKnownFileType = sourcecode.c.h; path = MPBaseNavigationController.h; sourceTree = "<group>"; };
		5176314124825FCB000B8E00 /* MPBaseNavigationController.m */ = {isa = PBXFileReference; fileEncoding = 4; lastKnownFileType = sourcecode.c.objc; path = MPBaseNavigationController.m; sourceTree = "<group>"; };
		51763144248260AF000B8E00 /* UserModel.m */ = {isa = PBXFileReference; fileEncoding = 4; lastKnownFileType = sourcecode.c.objc; path = UserModel.m; sourceTree = "<group>"; };
		51763145248260AF000B8E00 /* UserModel.h */ = {isa = PBXFileReference; fileEncoding = 4; lastKnownFileType = sourcecode.c.h; path = UserModel.h; sourceTree = "<group>"; };
		5176314724826279000B8E00 /* MPHomeViewController.h */ = {isa = PBXFileReference; fileEncoding = 4; lastKnownFileType = sourcecode.c.h; path = MPHomeViewController.h; sourceTree = "<group>"; };
		5176314824826279000B8E00 /* MPHomeViewController.m */ = {isa = PBXFileReference; fileEncoding = 4; lastKnownFileType = sourcecode.c.objc; path = MPHomeViewController.m; sourceTree = "<group>"; };
		5176314F2482642C000B8E00 /* HomeVC.h */ = {isa = PBXFileReference; lastKnownFileType = sourcecode.c.h; path = HomeVC.h; sourceTree = "<group>"; };
		517631502482642C000B8E00 /* HomeVC.m */ = {isa = PBXFileReference; lastKnownFileType = sourcecode.c.objc; path = HomeVC.m; sourceTree = "<group>"; };
		517631512482642C000B8E00 /* HomeVC.xib */ = {isa = PBXFileReference; lastKnownFileType = file.xib; path = HomeVC.xib; sourceTree = "<group>"; };
		517631542482643A000B8E00 /* MsgVC.h */ = {isa = PBXFileReference; lastKnownFileType = sourcecode.c.h; path = MsgVC.h; sourceTree = "<group>"; };
		517631552482643A000B8E00 /* MsgVC.m */ = {isa = PBXFileReference; lastKnownFileType = sourcecode.c.objc; path = MsgVC.m; sourceTree = "<group>"; };
		517631562482643A000B8E00 /* MsgVC.xib */ = {isa = PBXFileReference; lastKnownFileType = file.xib; path = MsgVC.xib; sourceTree = "<group>"; };
		5176315924826444000B8E00 /* MineVC.h */ = {isa = PBXFileReference; lastKnownFileType = sourcecode.c.h; path = MineVC.h; sourceTree = "<group>"; };
		5176315A24826444000B8E00 /* MineVC.m */ = {isa = PBXFileReference; lastKnownFileType = sourcecode.c.objc; path = MineVC.m; sourceTree = "<group>"; };
		5176315B24826444000B8E00 /* MineVC.xib */ = {isa = PBXFileReference; lastKnownFileType = file.xib; path = MineVC.xib; sourceTree = "<group>"; };
		5176315E24826452000B8E00 /* FindVC.h */ = {isa = PBXFileReference; lastKnownFileType = sourcecode.c.h; path = FindVC.h; sourceTree = "<group>"; };
		5176315F24826452000B8E00 /* FindVC.m */ = {isa = PBXFileReference; lastKnownFileType = sourcecode.c.objc; path = FindVC.m; sourceTree = "<group>"; };
		5176316024826452000B8E00 /* FindVC.xib */ = {isa = PBXFileReference; lastKnownFileType = file.xib; path = FindVC.xib; sourceTree = "<group>"; };
		5176316324826464000B8E00 /* AddVC.h */ = {isa = PBXFileReference; lastKnownFileType = sourcecode.c.h; path = AddVC.h; sourceTree = "<group>"; };
		5176316424826464000B8E00 /* AddVC.m */ = {isa = PBXFileReference; lastKnownFileType = sourcecode.c.objc; path = AddVC.m; sourceTree = "<group>"; };
		5176316524826464000B8E00 /* AddVC.xib */ = {isa = PBXFileReference; lastKnownFileType = file.xib; path = AddVC.xib; sourceTree = "<group>"; };
		51DE3027247F4DE200660B90 /* INS.app */ = {isa = PBXFileReference; explicitFileType = wrapper.application; includeInIndex = 0; path = INS.app; sourceTree = BUILT_PRODUCTS_DIR; };
		51DE302A247F4DE200660B90 /* AppDelegate.h */ = {isa = PBXFileReference; lastKnownFileType = sourcecode.c.h; path = AppDelegate.h; sourceTree = "<group>"; };
		51DE302B247F4DE200660B90 /* AppDelegate.m */ = {isa = PBXFileReference; lastKnownFileType = sourcecode.c.objc; path = AppDelegate.m; sourceTree = "<group>"; };
		51DE3030247F4DE200660B90 /* ViewController.h */ = {isa = PBXFileReference; lastKnownFileType = sourcecode.c.h; path = ViewController.h; sourceTree = "<group>"; };
		51DE3031247F4DE200660B90 /* ViewController.m */ = {isa = PBXFileReference; lastKnownFileType = sourcecode.c.objc; path = ViewController.m; sourceTree = "<group>"; };
		51DE3034247F4DE200660B90 /* Base */ = {isa = PBXFileReference; lastKnownFileType = file.storyboard; name = Base; path = Base.lproj/Main.storyboard; sourceTree = "<group>"; };
		51DE3036247F4DE400660B90 /* Assets.xcassets */ = {isa = PBXFileReference; lastKnownFileType = folder.assetcatalog; path = Assets.xcassets; sourceTree = "<group>"; };
		51DE3039247F4DE400660B90 /* Base */ = {isa = PBXFileReference; lastKnownFileType = file.storyboard; name = Base; path = Base.lproj/LaunchScreen.storyboard; sourceTree = "<group>"; };
		51DE303B247F4DE400660B90 /* Info.plist */ = {isa = PBXFileReference; lastKnownFileType = text.plist.xml; path = Info.plist; sourceTree = "<group>"; };
		51DE303C247F4DE400660B90 /* main.m */ = {isa = PBXFileReference; lastKnownFileType = sourcecode.c.objc; path = main.m; sourceTree = "<group>"; };
		51DE3045247FA60800660B90 /* UIScrollView+EmptyDataSet.m */ = {isa = PBXFileReference; fileEncoding = 4; lastKnownFileType = sourcecode.c.objc; path = "UIScrollView+EmptyDataSet.m"; sourceTree = "<group>"; };
		51DE3046247FA60800660B90 /* UIScrollView+EmptyDataSet.h */ = {isa = PBXFileReference; fileEncoding = 4; lastKnownFileType = sourcecode.c.h; path = "UIScrollView+EmptyDataSet.h"; sourceTree = "<group>"; };
		51DE3048247FA60800660B90 /* UIScrollView+MJRefresh.m */ = {isa = PBXFileReference; fileEncoding = 4; lastKnownFileType = sourcecode.c.objc; path = "UIScrollView+MJRefresh.m"; sourceTree = "<group>"; };
		51DE3049247FA60800660B90 /* MJRefreshConst.m */ = {isa = PBXFileReference; fileEncoding = 4; lastKnownFileType = sourcecode.c.objc; path = MJRefreshConst.m; sourceTree = "<group>"; };
		51DE304A247FA60800660B90 /* UIScrollView+MJExtension.h */ = {isa = PBXFileReference; fileEncoding = 4; lastKnownFileType = sourcecode.c.h; path = "UIScrollView+MJExtension.h"; sourceTree = "<group>"; };
		51DE304B247FA60800660B90 /* MJRefresh.h */ = {isa = PBXFileReference; fileEncoding = 4; lastKnownFileType = sourcecode.c.h; path = MJRefresh.h; sourceTree = "<group>"; };
		51DE304C247FA60800660B90 /* MJRefresh.bundle */ = {isa = PBXFileReference; lastKnownFileType = "wrapper.plug-in"; path = MJRefresh.bundle; sourceTree = "<group>"; };
		51DE304D247FA60800660B90 /* UIView+MJExtension.h */ = {isa = PBXFileReference; fileEncoding = 4; lastKnownFileType = sourcecode.c.h; path = "UIView+MJExtension.h"; sourceTree = "<group>"; };
		51DE304E247FA60800660B90 /* UIScrollView+MJExtension.m */ = {isa = PBXFileReference; fileEncoding = 4; lastKnownFileType = sourcecode.c.objc; path = "UIScrollView+MJExtension.m"; sourceTree = "<group>"; };
		51DE304F247FA60800660B90 /* MJRefreshConst.h */ = {isa = PBXFileReference; fileEncoding = 4; lastKnownFileType = sourcecode.c.h; path = MJRefreshConst.h; sourceTree = "<group>"; };
		51DE3050247FA60800660B90 /* UIScrollView+MJRefresh.h */ = {isa = PBXFileReference; fileEncoding = 4; lastKnownFileType = sourcecode.c.h; path = "UIScrollView+MJRefresh.h"; sourceTree = "<group>"; };
		51DE3051247FA60800660B90 /* UIView+MJExtension.m */ = {isa = PBXFileReference; fileEncoding = 4; lastKnownFileType = sourcecode.c.objc; path = "UIView+MJExtension.m"; sourceTree = "<group>"; };
		51DE3055247FA60800660B90 /* MJRefreshBackGifFooter.h */ = {isa = PBXFileReference; fileEncoding = 4; lastKnownFileType = sourcecode.c.h; path = MJRefreshBackGifFooter.h; sourceTree = "<group>"; };
		51DE3056247FA60800660B90 /* MJRefreshBackStateFooter.h */ = {isa = PBXFileReference; fileEncoding = 4; lastKnownFileType = sourcecode.c.h; path = MJRefreshBackStateFooter.h; sourceTree = "<group>"; };
		51DE3057247FA60800660B90 /* MJRefreshBackNormalFooter.h */ = {isa = PBXFileReference; fileEncoding = 4; lastKnownFileType = sourcecode.c.h; path = MJRefreshBackNormalFooter.h; sourceTree = "<group>"; };
		51DE3058247FA60800660B90 /* MJRefreshBackGifFooter.m */ = {isa = PBXFileReference; fileEncoding = 4; lastKnownFileType = sourcecode.c.objc; path = MJRefreshBackGifFooter.m; sourceTree = "<group>"; };
		51DE3059247FA60800660B90 /* MJRefreshBackStateFooter.m */ = {isa = PBXFileReference; fileEncoding = 4; lastKnownFileType = sourcecode.c.objc; path = MJRefreshBackStateFooter.m; sourceTree = "<group>"; };
		51DE305A247FA60800660B90 /* MJRefreshBackNormalFooter.m */ = {isa = PBXFileReference; fileEncoding = 4; lastKnownFileType = sourcecode.c.objc; path = MJRefreshBackNormalFooter.m; sourceTree = "<group>"; };
		51DE305C247FA60800660B90 /* MJRefreshAutoStateFooter.h */ = {isa = PBXFileReference; fileEncoding = 4; lastKnownFileType = sourcecode.c.h; path = MJRefreshAutoStateFooter.h; sourceTree = "<group>"; };
		51DE305D247FA60800660B90 /* MJRefreshAutoNormalFooter.h */ = {isa = PBXFileReference; fileEncoding = 4; lastKnownFileType = sourcecode.c.h; path = MJRefreshAutoNormalFooter.h; sourceTree = "<group>"; };
		51DE305E247FA60800660B90 /* MJRefreshAutoGifFooter.h */ = {isa = PBXFileReference; fileEncoding = 4; lastKnownFileType = sourcecode.c.h; path = MJRefreshAutoGifFooter.h; sourceTree = "<group>"; };
		51DE305F247FA60800660B90 /* MJRefreshAutoStateFooter.m */ = {isa = PBXFileReference; fileEncoding = 4; lastKnownFileType = sourcecode.c.objc; path = MJRefreshAutoStateFooter.m; sourceTree = "<group>"; };
		51DE3060247FA60800660B90 /* MJRefreshAutoGifFooter.m */ = {isa = PBXFileReference; fileEncoding = 4; lastKnownFileType = sourcecode.c.objc; path = MJRefreshAutoGifFooter.m; sourceTree = "<group>"; };
		51DE3061247FA60800660B90 /* MJRefreshAutoNormalFooter.m */ = {isa = PBXFileReference; fileEncoding = 4; lastKnownFileType = sourcecode.c.objc; path = MJRefreshAutoNormalFooter.m; sourceTree = "<group>"; };
		51DE3063247FA60800660B90 /* MJRefreshNormalHeader.m */ = {isa = PBXFileReference; fileEncoding = 4; lastKnownFileType = sourcecode.c.objc; path = MJRefreshNormalHeader.m; sourceTree = "<group>"; };
		51DE3064247FA60800660B90 /* MJRefreshStateHeader.h */ = {isa = PBXFileReference; fileEncoding = 4; lastKnownFileType = sourcecode.c.h; path = MJRefreshStateHeader.h; sourceTree = "<group>"; };
		51DE3065247FA60800660B90 /* MJRefreshGifHeader.h */ = {isa = PBXFileReference; fileEncoding = 4; lastKnownFileType = sourcecode.c.h; path = MJRefreshGifHeader.h; sourceTree = "<group>"; };
		51DE3066247FA60800660B90 /* MJRefreshNormalHeader.h */ = {isa = PBXFileReference; fileEncoding = 4; lastKnownFileType = sourcecode.c.h; path = MJRefreshNormalHeader.h; sourceTree = "<group>"; };
		51DE3067247FA60800660B90 /* MJRefreshStateHeader.m */ = {isa = PBXFileReference; fileEncoding = 4; lastKnownFileType = sourcecode.c.objc; path = MJRefreshStateHeader.m; sourceTree = "<group>"; };
		51DE3068247FA60800660B90 /* MJRefreshGifHeader.m */ = {isa = PBXFileReference; fileEncoding = 4; lastKnownFileType = sourcecode.c.objc; path = MJRefreshGifHeader.m; sourceTree = "<group>"; };
		51DE306A247FA60800660B90 /* MJRefreshFooter.m */ = {isa = PBXFileReference; fileEncoding = 4; lastKnownFileType = sourcecode.c.objc; path = MJRefreshFooter.m; sourceTree = "<group>"; };
		51DE306B247FA60800660B90 /* MJRefreshComponent.h */ = {isa = PBXFileReference; fileEncoding = 4; lastKnownFileType = sourcecode.c.h; path = MJRefreshComponent.h; sourceTree = "<group>"; };
		51DE306C247FA60800660B90 /* MJRefreshHeader.m */ = {isa = PBXFileReference; fileEncoding = 4; lastKnownFileType = sourcecode.c.objc; path = MJRefreshHeader.m; sourceTree = "<group>"; };
		51DE306D247FA60800660B90 /* MJRefreshAutoFooter.h */ = {isa = PBXFileReference; fileEncoding = 4; lastKnownFileType = sourcecode.c.h; path = MJRefreshAutoFooter.h; sourceTree = "<group>"; };
		51DE306E247FA60800660B90 /* MJRefreshBackFooter.m */ = {isa = PBXFileReference; fileEncoding = 4; lastKnownFileType = sourcecode.c.objc; path = MJRefreshBackFooter.m; sourceTree = "<group>"; };
		51DE306F247FA60800660B90 /* MJRefreshAutoFooter.m */ = {isa = PBXFileReference; fileEncoding = 4; lastKnownFileType = sourcecode.c.objc; path = MJRefreshAutoFooter.m; sourceTree = "<group>"; };
		51DE3070247FA60800660B90 /* MJRefreshHeader.h */ = {isa = PBXFileReference; fileEncoding = 4; lastKnownFileType = sourcecode.c.h; path = MJRefreshHeader.h; sourceTree = "<group>"; };
		51DE3071247FA60800660B90 /* MJRefreshComponent.m */ = {isa = PBXFileReference; fileEncoding = 4; lastKnownFileType = sourcecode.c.objc; path = MJRefreshComponent.m; sourceTree = "<group>"; };
		51DE3072247FA60800660B90 /* MJRefreshFooter.h */ = {isa = PBXFileReference; fileEncoding = 4; lastKnownFileType = sourcecode.c.h; path = MJRefreshFooter.h; sourceTree = "<group>"; };
		51DE3073247FA60800660B90 /* MJRefreshBackFooter.h */ = {isa = PBXFileReference; fileEncoding = 4; lastKnownFileType = sourcecode.c.h; path = MJRefreshBackFooter.h; sourceTree = "<group>"; };
		51DE3089247FA7FE00660B90 /* RequestTool.h */ = {isa = PBXFileReference; fileEncoding = 4; lastKnownFileType = sourcecode.c.h; path = RequestTool.h; sourceTree = "<group>"; };
		51DE308A247FA7FE00660B90 /* RequestTool.m */ = {isa = PBXFileReference; fileEncoding = 4; lastKnownFileType = sourcecode.c.objc; path = RequestTool.m; sourceTree = "<group>"; };
		51DE3091247FB55800660B90 /* AFURLPostRequestSerialization.h */ = {isa = PBXFileReference; fileEncoding = 4; lastKnownFileType = sourcecode.c.h; path = AFURLPostRequestSerialization.h; sourceTree = "<group>"; };
		51DE3092247FB55800660B90 /* AFURLPostRequestSerialization.m */ = {isa = PBXFileReference; fileEncoding = 4; lastKnownFileType = sourcecode.c.objc; path = AFURLPostRequestSerialization.m; sourceTree = "<group>"; };
		8DFB7D6A22B8510F980CC871 /* Pods-INS.release.xcconfig */ = {isa = PBXFileReference; includeInIndex = 1; lastKnownFileType = text.xcconfig; name = "Pods-INS.release.xcconfig"; path = "Target Support Files/Pods-INS/Pods-INS.release.xcconfig"; sourceTree = "<group>"; };
		9704EFFA2489512300E0D51E /* Billabong-Bold.ttf */ = {isa = PBXFileReference; lastKnownFileType = file; path = "Billabong-Bold.ttf"; sourceTree = "<group>"; };
		977E5D63247FE90000B85C35 /* PrefixHeader.pch */ = {isa = PBXFileReference; fileEncoding = 4; lastKnownFileType = sourcecode.c.h; path = PrefixHeader.pch; sourceTree = "<group>"; };
		977E5D65247FEA4B00B85C35 /* DefineInterface.h */ = {isa = PBXFileReference; fileEncoding = 4; lastKnownFileType = sourcecode.c.h; path = DefineInterface.h; sourceTree = "<group>"; };
		977E5D71248384F100B85C35 /* INSHud.h */ = {isa = PBXFileReference; fileEncoding = 4; lastKnownFileType = sourcecode.c.h; path = INSHud.h; sourceTree = "<group>"; };
		977E5D72248384F100B85C35 /* LXWaveProgressView.h */ = {isa = PBXFileReference; fileEncoding = 4; lastKnownFileType = sourcecode.c.h; path = LXWaveProgressView.h; sourceTree = "<group>"; };
		977E5D73248384F100B85C35 /* YYWeakProxy.m */ = {isa = PBXFileReference; fileEncoding = 4; lastKnownFileType = sourcecode.c.objc; path = YYWeakProxy.m; sourceTree = "<group>"; };
		977E5D74248384F100B85C35 /* ProgressShow.m */ = {isa = PBXFileReference; fileEncoding = 4; lastKnownFileType = sourcecode.c.objc; path = ProgressShow.m; sourceTree = "<group>"; };
		977E5D75248384F100B85C35 /* MessageShow.m */ = {isa = PBXFileReference; fileEncoding = 4; lastKnownFileType = sourcecode.c.objc; path = MessageShow.m; sourceTree = "<group>"; };
		977E5D76248384F100B85C35 /* iconError.png */ = {isa = PBXFileReference; lastKnownFileType = image.png; path = iconError.png; sourceTree = "<group>"; };
		977E5D77248384F100B85C35 /* YYWeakProxy.h */ = {isa = PBXFileReference; fileEncoding = 4; lastKnownFileType = sourcecode.c.h; path = YYWeakProxy.h; sourceTree = "<group>"; };
		977E5D78248384F100B85C35 /* LXWaveProgressView.m */ = {isa = PBXFileReference; fileEncoding = 4; lastKnownFileType = sourcecode.c.objc; path = LXWaveProgressView.m; sourceTree = "<group>"; };
		977E5D79248384F100B85C35 /* INSHud.m */ = {isa = PBXFileReference; fileEncoding = 4; lastKnownFileType = sourcecode.c.objc; path = INSHud.m; sourceTree = "<group>"; };
		977E5D7B248384F100B85C35 /* waiting_4.png */ = {isa = PBXFileReference; lastKnownFileType = image.png; path = waiting_4.png; sourceTree = "<group>"; };
		977E5D7C248384F100B85C35 /* waiting_5.png */ = {isa = PBXFileReference; lastKnownFileType = image.png; path = waiting_5.png; sourceTree = "<group>"; };
		977E5D7D248384F100B85C35 /* waiting_2.png */ = {isa = PBXFileReference; lastKnownFileType = image.png; path = waiting_2.png; sourceTree = "<group>"; };
		977E5D7E248384F100B85C35 /* waiting_3.png */ = {isa = PBXFileReference; lastKnownFileType = image.png; path = waiting_3.png; sourceTree = "<group>"; };
		977E5D7F248384F100B85C35 /* waiting_1.png */ = {isa = PBXFileReference; lastKnownFileType = image.png; path = waiting_1.png; sourceTree = "<group>"; };
		977E5D80248384F100B85C35 /* MessageShow.h */ = {isa = PBXFileReference; fileEncoding = 4; lastKnownFileType = sourcecode.c.h; path = MessageShow.h; sourceTree = "<group>"; };
		977E5D81248384F100B85C35 /* ProgressShow.h */ = {isa = PBXFileReference; fileEncoding = 4; lastKnownFileType = sourcecode.c.h; path = ProgressShow.h; sourceTree = "<group>"; };
		977E5D82248384F100B85C35 /* iconSuccess.png */ = {isa = PBXFileReference; lastKnownFileType = image.png; path = iconSuccess.png; sourceTree = "<group>"; };
		977E5D902483854E00B85C35 /* NSObject+AssociatedObject.m */ = {isa = PBXFileReference; fileEncoding = 4; lastKnownFileType = sourcecode.c.objc; path = "NSObject+AssociatedObject.m"; sourceTree = "<group>"; };
		977E5D912483854E00B85C35 /* SnailPopupController.h */ = {isa = PBXFileReference; fileEncoding = 4; lastKnownFileType = sourcecode.c.h; path = SnailPopupController.h; sourceTree = "<group>"; };
		977E5D922483854E00B85C35 /* SnailAlertView.h */ = {isa = PBXFileReference; fileEncoding = 4; lastKnownFileType = sourcecode.c.h; path = SnailAlertView.h; sourceTree = "<group>"; };
		977E5D932483854E00B85C35 /* LPAlertView.m */ = {isa = PBXFileReference; fileEncoding = 4; lastKnownFileType = sourcecode.c.objc; path = LPAlertView.m; sourceTree = "<group>"; };
		977E5D942483854E00B85C35 /* SnailPopupController.m */ = {isa = PBXFileReference; fileEncoding = 4; lastKnownFileType = sourcecode.c.objc; path = SnailPopupController.m; sourceTree = "<group>"; };
		977E5D952483854E00B85C35 /* NSObject+AssociatedObject.h */ = {isa = PBXFileReference; fileEncoding = 4; lastKnownFileType = sourcecode.c.h; path = "NSObject+AssociatedObject.h"; sourceTree = "<group>"; };
		977E5D962483854E00B85C35 /* SnailAlertView.m */ = {isa = PBXFileReference; fileEncoding = 4; lastKnownFileType = sourcecode.c.objc; path = SnailAlertView.m; sourceTree = "<group>"; };
		977E5D972483854E00B85C35 /* LPAlertView.h */ = {isa = PBXFileReference; fileEncoding = 4; lastKnownFileType = sourcecode.c.h; path = LPAlertView.h; sourceTree = "<group>"; };
		977E5D9C248385D500B85C35 /* UIView+Layout.h */ = {isa = PBXFileReference; fileEncoding = 4; lastKnownFileType = sourcecode.c.h; path = "UIView+Layout.h"; sourceTree = "<group>"; };
		977E5D9D248385D500B85C35 /* UIView+Layout.m */ = {isa = PBXFileReference; fileEncoding = 4; lastKnownFileType = sourcecode.c.objc; path = "UIView+Layout.m"; sourceTree = "<group>"; };
		977E5D9F248385F700B85C35 /* CALayer+Layout.h */ = {isa = PBXFileReference; fileEncoding = 4; lastKnownFileType = sourcecode.c.h; path = "CALayer+Layout.h"; sourceTree = "<group>"; };
		977E5DA0248385F700B85C35 /* CALayer+Layout.m */ = {isa = PBXFileReference; fileEncoding = 4; lastKnownFileType = sourcecode.c.objc; path = "CALayer+Layout.m"; sourceTree = "<group>"; };
		DAFB1ADE54D3E72A6E8652FF /* libPods-INS.a */ = {isa = PBXFileReference; explicitFileType = archive.ar; includeInIndex = 0; path = "libPods-INS.a"; sourceTree = BUILT_PRODUCTS_DIR; };
/* End PBXFileReference section */

/* Begin PBXFrameworksBuildPhase section */
		51DE3024247F4DE200660B90 /* Frameworks */ = {
			isa = PBXFrameworksBuildPhase;
			buildActionMask = 2147483647;
			files = (
				1AEBD0CDE9C86CF0471E79DE /* libPods-INS.a in Frameworks */,
			);
			runOnlyForDeploymentPostprocessing = 0;
		};
/* End PBXFrameworksBuildPhase section */

/* Begin PBXGroup section */
		0F68A9CFD55876D169BC3AD5 /* Pods */ = {
			isa = PBXGroup;
			children = (
				1DAA82B5F515BD84400503BC /* Pods-INS.debug.xcconfig */,
				8DFB7D6A22B8510F980CC871 /* Pods-INS.release.xcconfig */,
			);
			path = Pods;
			sourceTree = "<group>";
		};
		5176310C24824DD0000B8E00 /* Tool（工具） */ = {
			isa = PBXGroup;
			children = (
				9704EFF92489510C00E0D51E /* Word（字体） */,
				977E5D8F2483854E00B85C35 /* LPAlertView */,
				977E5D70248384F100B85C35 /* ProgressHUD */,
				51763143248260AF000B8E00 /* UserModel */,
				5176313724825CEC000B8E00 /* KeychainItemWrapper */,
				5176313024825C65000B8E00 /* Util */,
				5176311F2482584D000B8E00 /* Base（基类） */,
				5176311E248257EB000B8E00 /* Request（请求） */,
				5176311824825023000B8E00 /* Expend（扩展） */,
				5176311124824E9C000B8E00 /* DataBase(数据库) */,
				5176310D24824DE8000B8E00 /* DBModel */,
			);
			path = "Tool（工具）";
			sourceTree = "<group>";
		};
		5176310D24824DE8000B8E00 /* DBModel */ = {
			isa = PBXGroup;
			children = (
				5176310F24824E04000B8E00 /* DepartMent.h */,
				5176310E24824E04000B8E00 /* DepartMent.m */,
			);
			path = DBModel;
			sourceTree = "<group>";
		};
		5176311124824E9C000B8E00 /* DataBase(数据库) */ = {
			isa = PBXGroup;
			children = (
				5176311224824E9C000B8E00 /* UTDBHelper.h */,
				5176311324824E9C000B8E00 /* UTDBModel.m */,
				5176311424824E9C000B8E00 /* UTDBHelper.m */,
				5176311524824E9C000B8E00 /* UTDBModel.h */,
			);
			path = "DataBase(数据库)";
			sourceTree = "<group>";
		};
		5176311824825023000B8E00 /* Expend（扩展） */ = {
			isa = PBXGroup;
			children = (
				517631242482588D000B8E00 /* UIImage+Color.h */,
				517631232482588D000B8E00 /* UIImage+Color.m */,
				5176311924825023000B8E00 /* NSObject+hook.h */,
				5176311A24825023000B8E00 /* NSObject+hook.m */,
			);
			path = "Expend（扩展）";
			sourceTree = "<group>";
		};
		5176311C248257B8000B8E00 /*  Module（模块） */ = {
			isa = PBXGroup;
			children = (
				5176314E2482641B000B8E00 /* Add */,
				5176314D248263FA000B8E00 /* Find */,
				5176314C248263D5000B8E00 /* Mine */,
				5176314B24826384000B8E00 /* Msg */,
				5176314A2482637E000B8E00 /* Home */,
				5176311D248257C7000B8E00 /* Login */,
			);
			path = " Module（模块）";
			sourceTree = "<group>";
		};
		5176311D248257C7000B8E00 /* Login */ = {
			isa = PBXGroup;
			children = (
				5176313B24825DF0000B8E00 /* LoginVC.h */,
				5176313C24825DF0000B8E00 /* LoginVC.m */,
				5176313D24825DF0000B8E00 /* LoginVC.xib */,
			);
			path = Login;
			sourceTree = "<group>";
		};
		5176311E248257EB000B8E00 /* Request（请求） */ = {
			isa = PBXGroup;
			children = (
				51DE3089247FA7FE00660B90 /* RequestTool.h */,
				51DE308A247FA7FE00660B90 /* RequestTool.m */,
				51DE3091247FB55800660B90 /* AFURLPostRequestSerialization.h */,
				51DE3092247FB55800660B90 /* AFURLPostRequestSerialization.m */,
			);
			path = "Request（请求）";
			sourceTree = "<group>";
		};
		5176311F2482584D000B8E00 /* Base（基类） */ = {
			isa = PBXGroup;
			children = (
				5176314724826279000B8E00 /* MPHomeViewController.h */,
				5176314824826279000B8E00 /* MPHomeViewController.m */,
				51763126248258BA000B8E00 /* CenterButton.h */,
				51763127248258BA000B8E00 /* CenterButton.m */,
				5176312124825869000B8E00 /* BaseViewController.h */,
				5176312024825869000B8E00 /* BaseViewController.m */,
				5176314024825FCB000B8E00 /* MPBaseNavigationController.h */,
				5176314124825FCB000B8E00 /* MPBaseNavigationController.m */,
			);
			path = "Base（基类）";
			sourceTree = "<group>";
		};
		5176313024825C65000B8E00 /* Util */ = {
			isa = PBXGroup;
			children = (
				5176313124825C65000B8E00 /* Util.m */,
				5176313224825C65000B8E00 /* Util.h */,
				5176313524825C9A000B8E00 /* BlockButton.h */,
				5176313424825C99000B8E00 /* BlockButton.m */,
			);
			path = Util;
			sourceTree = "<group>";
		};
		5176313724825CEC000B8E00 /* KeychainItemWrapper */ = {
			isa = PBXGroup;
			children = (
				5176313824825CEC000B8E00 /* KeychainItemWrapper.m */,
				5176313924825CEC000B8E00 /* KeychainItemWrapper.h */,
			);
			path = KeychainItemWrapper;
			sourceTree = "<group>";
		};
		51763143248260AF000B8E00 /* UserModel */ = {
			isa = PBXGroup;
			children = (
				51763144248260AF000B8E00 /* UserModel.m */,
				51763145248260AF000B8E00 /* UserModel.h */,
			);
			path = UserModel;
			sourceTree = "<group>";
		};
		5176314A2482637E000B8E00 /* Home */ = {
			isa = PBXGroup;
			children = (
				5176314F2482642C000B8E00 /* HomeVC.h */,
				517631502482642C000B8E00 /* HomeVC.m */,
				517631512482642C000B8E00 /* HomeVC.xib */,
			);
			path = Home;
			sourceTree = "<group>";
		};
		5176314B24826384000B8E00 /* Msg */ = {
			isa = PBXGroup;
			children = (
				517631542482643A000B8E00 /* MsgVC.h */,
				517631552482643A000B8E00 /* MsgVC.m */,
				517631562482643A000B8E00 /* MsgVC.xib */,
			);
			path = Msg;
			sourceTree = "<group>";
		};
		5176314C248263D5000B8E00 /* Mine */ = {
			isa = PBXGroup;
			children = (
				5176315924826444000B8E00 /* MineVC.h */,
				5176315A24826444000B8E00 /* MineVC.m */,
				5176315B24826444000B8E00 /* MineVC.xib */,
			);
			path = Mine;
			sourceTree = "<group>";
		};
		5176314D248263FA000B8E00 /* Find */ = {
			isa = PBXGroup;
			children = (
				5176315E24826452000B8E00 /* FindVC.h */,
				5176315F24826452000B8E00 /* FindVC.m */,
				5176316024826452000B8E00 /* FindVC.xib */,
			);
			path = Find;
			sourceTree = "<group>";
		};
		5176314E2482641B000B8E00 /* Add */ = {
			isa = PBXGroup;
			children = (
				5176316324826464000B8E00 /* AddVC.h */,
				5176316424826464000B8E00 /* AddVC.m */,
				5176316524826464000B8E00 /* AddVC.xib */,
			);
			path = Add;
			sourceTree = "<group>";
		};
		51DE301E247F4DE200660B90 = {
			isa = PBXGroup;
			children = (
				51DE3029247F4DE200660B90 /* INS */,
				51DE3028247F4DE200660B90 /* Products */,
				0F68A9CFD55876D169BC3AD5 /* Pods */,
				74815F34A4D8181F0E94D210 /* Frameworks */,
			);
			sourceTree = "<group>";
		};
		51DE3028247F4DE200660B90 /* Products */ = {
			isa = PBXGroup;
			children = (
				51DE3027247F4DE200660B90 /* INS.app */,
			);
			name = Products;
			sourceTree = "<group>";
		};
		51DE3029247F4DE200660B90 /* INS */ = {
			isa = PBXGroup;
			children = (
				5176311C248257B8000B8E00 /*  Module（模块） */,
				5176310C24824DD0000B8E00 /* Tool（工具） */,
				977E5D66247FEAF200B85C35 /* Resource（资源） */,
				977E5D64247FE9E600B85C35 /* Define（定义） */,
				51DE3043247FA5DD00660B90 /* Vendor（第三方） */,
				51DE3036247F4DE400660B90 /* Assets.xcassets */,
				51DE303B247F4DE400660B90 /* Info.plist */,
			);
			path = INS;
			sourceTree = "<group>";
		};
		51DE3043247FA5DD00660B90 /* Vendor（第三方） */ = {
			isa = PBXGroup;
			children = (
				51DE3044247FA60800660B90 /* DZNEmptyDataSet */,
				51DE3047247FA60800660B90 /* MJRefresh */,
			);
			path = "Vendor（第三方）";
			sourceTree = "<group>";
		};
		51DE3044247FA60800660B90 /* DZNEmptyDataSet */ = {
			isa = PBXGroup;
			children = (
				51DE3045247FA60800660B90 /* UIScrollView+EmptyDataSet.m */,
				51DE3046247FA60800660B90 /* UIScrollView+EmptyDataSet.h */,
			);
			path = DZNEmptyDataSet;
			sourceTree = "<group>";
		};
		51DE3047247FA60800660B90 /* MJRefresh */ = {
			isa = PBXGroup;
			children = (
				51DE3048247FA60800660B90 /* UIScrollView+MJRefresh.m */,
				51DE3049247FA60800660B90 /* MJRefreshConst.m */,
				51DE304A247FA60800660B90 /* UIScrollView+MJExtension.h */,
				51DE304B247FA60800660B90 /* MJRefresh.h */,
				51DE304C247FA60800660B90 /* MJRefresh.bundle */,
				51DE304D247FA60800660B90 /* UIView+MJExtension.h */,
				51DE304E247FA60800660B90 /* UIScrollView+MJExtension.m */,
				51DE304F247FA60800660B90 /* MJRefreshConst.h */,
				51DE3050247FA60800660B90 /* UIScrollView+MJRefresh.h */,
				51DE3051247FA60800660B90 /* UIView+MJExtension.m */,
				51DE3052247FA60800660B90 /* Custom */,
				51DE3069247FA60800660B90 /* Base */,
			);
			path = MJRefresh;
			sourceTree = "<group>";
		};
		51DE3052247FA60800660B90 /* Custom */ = {
			isa = PBXGroup;
			children = (
				51DE3053247FA60800660B90 /* Footer */,
				51DE3062247FA60800660B90 /* Header */,
			);
			path = Custom;
			sourceTree = "<group>";
		};
		51DE3053247FA60800660B90 /* Footer */ = {
			isa = PBXGroup;
			children = (
				51DE3054247FA60800660B90 /* Back */,
				51DE305B247FA60800660B90 /* Auto */,
			);
			path = Footer;
			sourceTree = "<group>";
		};
		51DE3054247FA60800660B90 /* Back */ = {
			isa = PBXGroup;
			children = (
				51DE3055247FA60800660B90 /* MJRefreshBackGifFooter.h */,
				51DE3056247FA60800660B90 /* MJRefreshBackStateFooter.h */,
				51DE3057247FA60800660B90 /* MJRefreshBackNormalFooter.h */,
				51DE3058247FA60800660B90 /* MJRefreshBackGifFooter.m */,
				51DE3059247FA60800660B90 /* MJRefreshBackStateFooter.m */,
				51DE305A247FA60800660B90 /* MJRefreshBackNormalFooter.m */,
			);
			path = Back;
			sourceTree = "<group>";
		};
		51DE305B247FA60800660B90 /* Auto */ = {
			isa = PBXGroup;
			children = (
				51DE305C247FA60800660B90 /* MJRefreshAutoStateFooter.h */,
				51DE305D247FA60800660B90 /* MJRefreshAutoNormalFooter.h */,
				51DE305E247FA60800660B90 /* MJRefreshAutoGifFooter.h */,
				51DE305F247FA60800660B90 /* MJRefreshAutoStateFooter.m */,
				51DE3060247FA60800660B90 /* MJRefreshAutoGifFooter.m */,
				51DE3061247FA60800660B90 /* MJRefreshAutoNormalFooter.m */,
			);
			path = Auto;
			sourceTree = "<group>";
		};
		51DE3062247FA60800660B90 /* Header */ = {
			isa = PBXGroup;
			children = (
				51DE3063247FA60800660B90 /* MJRefreshNormalHeader.m */,
				51DE3064247FA60800660B90 /* MJRefreshStateHeader.h */,
				51DE3065247FA60800660B90 /* MJRefreshGifHeader.h */,
				51DE3066247FA60800660B90 /* MJRefreshNormalHeader.h */,
				51DE3067247FA60800660B90 /* MJRefreshStateHeader.m */,
				51DE3068247FA60800660B90 /* MJRefreshGifHeader.m */,
			);
			path = Header;
			sourceTree = "<group>";
		};
		51DE3069247FA60800660B90 /* Base */ = {
			isa = PBXGroup;
			children = (
				51DE306A247FA60800660B90 /* MJRefreshFooter.m */,
				51DE306B247FA60800660B90 /* MJRefreshComponent.h */,
				51DE306C247FA60800660B90 /* MJRefreshHeader.m */,
				51DE306D247FA60800660B90 /* MJRefreshAutoFooter.h */,
				51DE306E247FA60800660B90 /* MJRefreshBackFooter.m */,
				51DE306F247FA60800660B90 /* MJRefreshAutoFooter.m */,
				51DE3070247FA60800660B90 /* MJRefreshHeader.h */,
				51DE3071247FA60800660B90 /* MJRefreshComponent.m */,
				51DE3072247FA60800660B90 /* MJRefreshFooter.h */,
				51DE3073247FA60800660B90 /* MJRefreshBackFooter.h */,
			);
			path = Base;
			sourceTree = "<group>";
		};
		74815F34A4D8181F0E94D210 /* Frameworks */ = {
			isa = PBXGroup;
			children = (
				DAFB1ADE54D3E72A6E8652FF /* libPods-INS.a */,
			);
			name = Frameworks;
			sourceTree = "<group>";
		};
		9704EFF92489510C00E0D51E /* Word（字体） */ = {
			isa = PBXGroup;
			children = (
				9704EFFA2489512300E0D51E /* Billabong-Bold.ttf */,
			);
			path = "Word（字体）";
			sourceTree = "<group>";
		};
		977E5D64247FE9E600B85C35 /* Define（定义） */ = {
			isa = PBXGroup;
			children = (
				5176312E24825A3E000B8E00 /* DefineKeyWord.h */,
				5176312F24825A3E000B8E00 /* DefineThirdPlatform.h */,
				5176312D24825A3E000B8E00 /* DefineUIStyle.h */,
				5176312C24825A3E000B8E00 /* DefineUserModelKey.h */,
				5176312B248259E1000B8E00 /* DefineBase.h */,
				5176312924825922000B8E00 /* DefineColor.h */,
				977E5D65247FEA4B00B85C35 /* DefineInterface.h */,
			);
			path = "Define（定义）";
			sourceTree = "<group>";
		};
		977E5D66247FEAF200B85C35 /* Resource（资源） */ = {
			isa = PBXGroup;
			children = (
				977E5D63247FE90000B85C35 /* PrefixHeader.pch */,
				51DE302A247F4DE200660B90 /* AppDelegate.h */,
				51DE302B247F4DE200660B90 /* AppDelegate.m */,
				51DE3038247F4DE400660B90 /* LaunchScreen.storyboard */,
				51DE303C247F4DE400660B90 /* main.m */,
				51DE3030247F4DE200660B90 /* ViewController.h */,
				51DE3031247F4DE200660B90 /* ViewController.m */,
				51DE3033247F4DE200660B90 /* Main.storyboard */,
			);
			path = "Resource（资源）";
			sourceTree = "<group>";
		};
		977E5D70248384F100B85C35 /* ProgressHUD */ = {
			isa = PBXGroup;
			children = (
				977E5D71248384F100B85C35 /* INSHud.h */,
				977E5D72248384F100B85C35 /* LXWaveProgressView.h */,
				977E5D73248384F100B85C35 /* YYWeakProxy.m */,
				977E5D74248384F100B85C35 /* ProgressShow.m */,
				977E5D75248384F100B85C35 /* MessageShow.m */,
				977E5D76248384F100B85C35 /* iconError.png */,
				977E5D77248384F100B85C35 /* YYWeakProxy.h */,
				977E5D78248384F100B85C35 /* LXWaveProgressView.m */,
				977E5D79248384F100B85C35 /* INSHud.m */,
				977E5D7A248384F100B85C35 /* Waiting */,
				977E5D80248384F100B85C35 /* MessageShow.h */,
				977E5D81248384F100B85C35 /* ProgressShow.h */,
				977E5D82248384F100B85C35 /* iconSuccess.png */,
			);
			path = ProgressHUD;
			sourceTree = "<group>";
		};
		977E5D7A248384F100B85C35 /* Waiting */ = {
			isa = PBXGroup;
			children = (
				977E5D7B248384F100B85C35 /* waiting_4.png */,
				977E5D7C248384F100B85C35 /* waiting_5.png */,
				977E5D7D248384F100B85C35 /* waiting_2.png */,
				977E5D7E248384F100B85C35 /* waiting_3.png */,
				977E5D7F248384F100B85C35 /* waiting_1.png */,
			);
			path = Waiting;
			sourceTree = "<group>";
		};
		977E5D8F2483854E00B85C35 /* LPAlertView */ = {
			isa = PBXGroup;
			children = (
				977E5D9F248385F700B85C35 /* CALayer+Layout.h */,
				977E5DA0248385F700B85C35 /* CALayer+Layout.m */,
				977E5D9C248385D500B85C35 /* UIView+Layout.h */,
				977E5D9D248385D500B85C35 /* UIView+Layout.m */,
				977E5D902483854E00B85C35 /* NSObject+AssociatedObject.m */,
				977E5D912483854E00B85C35 /* SnailPopupController.h */,
				977E5D922483854E00B85C35 /* SnailAlertView.h */,
				977E5D932483854E00B85C35 /* LPAlertView.m */,
				977E5D942483854E00B85C35 /* SnailPopupController.m */,
				977E5D952483854E00B85C35 /* NSObject+AssociatedObject.h */,
				977E5D962483854E00B85C35 /* SnailAlertView.m */,
				977E5D972483854E00B85C35 /* LPAlertView.h */,
			);
			path = LPAlertView;
			sourceTree = "<group>";
		};
/* End PBXGroup section */

/* Begin PBXNativeTarget section */
		51DE3026247F4DE200660B90 /* INS */ = {
			isa = PBXNativeTarget;
			buildConfigurationList = 51DE3040247F4DE400660B90 /* Build configuration list for PBXNativeTarget "INS" */;
			buildPhases = (
				92D37C71A1F881000B5AEB6C /* [CP] Check Pods Manifest.lock */,
				51DE3023247F4DE200660B90 /* Sources */,
				51DE3024247F4DE200660B90 /* Frameworks */,
				51DE3025247F4DE200660B90 /* Resources */,
				4B2FFF8B0CB2C4FF4B921B84 /* [CP] Copy Pods Resources */,
			);
			buildRules = (
			);
			dependencies = (
			);
			name = INS;
			productName = INS;
			productReference = 51DE3027247F4DE200660B90 /* INS.app */;
			productType = "com.apple.product-type.application";
		};
/* End PBXNativeTarget section */

/* Begin PBXProject section */
		51DE301F247F4DE200660B90 /* Project object */ = {
			isa = PBXProject;
			attributes = {
				LastUpgradeCheck = 1120;
				ORGANIZATIONNAME = "lu peihan";
				TargetAttributes = {
					51DE3026247F4DE200660B90 = {
						CreatedOnToolsVersion = 11.2.1;
					};
				};
			};
			buildConfigurationList = 51DE3022247F4DE200660B90 /* Build configuration list for PBXProject "INS" */;
			compatibilityVersion = "Xcode 9.3";
			developmentRegion = en;
			hasScannedForEncodings = 0;
			knownRegions = (
				en,
				Base,
			);
			mainGroup = 51DE301E247F4DE200660B90;
			productRefGroup = 51DE3028247F4DE200660B90 /* Products */;
			projectDirPath = "";
			projectRoot = "";
			targets = (
				51DE3026247F4DE200660B90 /* INS */,
			);
		};
/* End PBXProject section */

/* Begin PBXResourcesBuildPhase section */
		51DE3025247F4DE200660B90 /* Resources */ = {
			isa = PBXResourcesBuildPhase;
			buildActionMask = 2147483647;
			files = (
				5176313F24825DF0000B8E00 /* LoginVC.xib in Resources */,
				517631532482642C000B8E00 /* HomeVC.xib in Resources */,
				977E5D89248384F100B85C35 /* waiting_4.png in Resources */,
				977E5D8D248384F100B85C35 /* waiting_1.png in Resources */,
				51DE303A247F4DE400660B90 /* LaunchScreen.storyboard in Resources */,
				977E5D8B248384F100B85C35 /* waiting_2.png in Resources */,
				977E5D8C248384F100B85C35 /* waiting_3.png in Resources */,
				517631582482643A000B8E00 /* MsgVC.xib in Resources */,
				51DE3037247F4DE400660B90 /* Assets.xcassets in Resources */,
				5176315D24826444000B8E00 /* MineVC.xib in Resources */,
				9704EFFB2489512300E0D51E /* Billabong-Bold.ttf in Resources */,
				977E5D86248384F100B85C35 /* iconError.png in Resources */,
				5176316724826464000B8E00 /* AddVC.xib in Resources */,
				51DE3077247FA60800660B90 /* MJRefresh.bundle in Resources */,
				5176316224826452000B8E00 /* FindVC.xib in Resources */,
				51DE3035247F4DE200660B90 /* Main.storyboard in Resources */,
				977E5D8E248384F100B85C35 /* iconSuccess.png in Resources */,
				977E5D8A248384F100B85C35 /* waiting_5.png in Resources */,
			);
			runOnlyForDeploymentPostprocessing = 0;
		};
/* End PBXResourcesBuildPhase section */

/* Begin PBXShellScriptBuildPhase section */
		4B2FFF8B0CB2C4FF4B921B84 /* [CP] Copy Pods Resources */ = {
			isa = PBXShellScriptBuildPhase;
			buildActionMask = 2147483647;
			files = (
			);
			inputFileListPaths = (
				"${PODS_ROOT}/Target Support Files/Pods-INS/Pods-INS-resources-${CONFIGURATION}-input-files.xcfilelist",
			);
			name = "[CP] Copy Pods Resources";
			outputFileListPaths = (
				"${PODS_ROOT}/Target Support Files/Pods-INS/Pods-INS-resources-${CONFIGURATION}-output-files.xcfilelist",
			);
			runOnlyForDeploymentPostprocessing = 0;
			shellPath = /bin/sh;
			shellScript = "\"${PODS_ROOT}/Target Support Files/Pods-INS/Pods-INS-resources.sh\"\n";
			showEnvVarsInLog = 0;
		};
		92D37C71A1F881000B5AEB6C /* [CP] Check Pods Manifest.lock */ = {
			isa = PBXShellScriptBuildPhase;
			buildActionMask = 2147483647;
			files = (
			);
			inputFileListPaths = (
			);
			inputPaths = (
				"${PODS_PODFILE_DIR_PATH}/Podfile.lock",
				"${PODS_ROOT}/Manifest.lock",
			);
			name = "[CP] Check Pods Manifest.lock";
			outputFileListPaths = (
			);
			outputPaths = (
				"$(DERIVED_FILE_DIR)/Pods-INS-checkManifestLockResult.txt",
			);
			runOnlyForDeploymentPostprocessing = 0;
			shellPath = /bin/sh;
			shellScript = "diff \"${PODS_PODFILE_DIR_PATH}/Podfile.lock\" \"${PODS_ROOT}/Manifest.lock\" > /dev/null\nif [ $? != 0 ] ; then\n    # print error to STDERR\n    echo \"error: The sandbox is not in sync with the Podfile.lock. Run 'pod install' or update your CocoaPods installation.\" >&2\n    exit 1\nfi\n# This output is used by Xcode 'outputs' to avoid re-running this script phase.\necho \"SUCCESS\" > \"${SCRIPT_OUTPUT_FILE_0}\"\n";
			showEnvVarsInLog = 0;
		};
/* End PBXShellScriptBuildPhase section */

/* Begin PBXSourcesBuildPhase section */
		51DE3023247F4DE200660B90 /* Sources */ = {
			isa = PBXSourcesBuildPhase;
			buildActionMask = 2147483647;
			files = (
				5176316624826464000B8E00 /* AddVC.m in Sources */,
				977E5D84248384F100B85C35 /* ProgressShow.m in Sources */,
				51DE3082247FA60800660B90 /* MJRefreshGifHeader.m in Sources */,
				5176312224825869000B8E00 /* BaseViewController.m in Sources */,
				977E5D85248384F100B85C35 /* MessageShow.m in Sources */,
				517631572482643A000B8E00 /* MsgVC.m in Sources */,
				5176314924826279000B8E00 /* MPHomeViewController.m in Sources */,
				5176313E24825DF0000B8E00 /* LoginVC.m in Sources */,
				51DE3086247FA60800660B90 /* MJRefreshAutoFooter.m in Sources */,
				977E5D982483854F00B85C35 /* NSObject+AssociatedObject.m in Sources */,
				5176313624825C9A000B8E00 /* BlockButton.m in Sources */,
				51DE3032247F4DE200660B90 /* ViewController.m in Sources */,
				51DE3081247FA60800660B90 /* MJRefreshStateHeader.m in Sources */,
				51DE302C247F4DE200660B90 /* AppDelegate.m in Sources */,
				51763128248258BA000B8E00 /* CenterButton.m in Sources */,
				517631252482588D000B8E00 /* UIImage+Color.m in Sources */,
				977E5D9E248385D500B85C35 /* UIView+Layout.m in Sources */,
				5176313324825C65000B8E00 /* Util.m in Sources */,
				51DE3078247FA60800660B90 /* UIScrollView+MJExtension.m in Sources */,
				51DE308B247FA7FE00660B90 /* RequestTool.m in Sources */,
				5176316124826452000B8E00 /* FindVC.m in Sources */,
				5176313A24825CEC000B8E00 /* KeychainItemWrapper.m in Sources */,
				977E5D9B2483854F00B85C35 /* SnailAlertView.m in Sources */,
				51DE3087247FA60800660B90 /* MJRefreshComponent.m in Sources */,
				51DE3083247FA60800660B90 /* MJRefreshFooter.m in Sources */,
				977E5DA1248385F700B85C35 /* CALayer+Layout.m in Sources */,
				977E5D992483854F00B85C35 /* LPAlertView.m in Sources */,
				51DE307C247FA60800660B90 /* MJRefreshBackNormalFooter.m in Sources */,
				51DE3093247FB55800660B90 /* AFURLPostRequestSerialization.m in Sources */,
				51DE307E247FA60800660B90 /* MJRefreshAutoGifFooter.m in Sources */,
				51DE307F247FA60800660B90 /* MJRefreshAutoNormalFooter.m in Sources */,
				977E5D83248384F100B85C35 /* YYWeakProxy.m in Sources */,
				5176311724824E9C000B8E00 /* UTDBHelper.m in Sources */,
				51DE3080247FA60800660B90 /* MJRefreshNormalHeader.m in Sources */,
				5176311624824E9C000B8E00 /* UTDBModel.m in Sources */,
				5176314224825FCB000B8E00 /* MPBaseNavigationController.m in Sources */,
				5176315C24826444000B8E00 /* MineVC.m in Sources */,
				51DE3076247FA60800660B90 /* MJRefreshConst.m in Sources */,
				51DE307A247FA60800660B90 /* MJRefreshBackGifFooter.m in Sources */,
				51763146248260AF000B8E00 /* UserModel.m in Sources */,
				977E5D9A2483854F00B85C35 /* SnailPopupController.m in Sources */,
				51DE3074247FA60800660B90 /* UIScrollView+EmptyDataSet.m in Sources */,
				51DE307B247FA60800660B90 /* MJRefreshBackStateFooter.m in Sources */,
				517631522482642C000B8E00 /* HomeVC.m in Sources */,
				51DE307D247FA60800660B90 /* MJRefreshAutoStateFooter.m in Sources */,
				51DE3084247FA60800660B90 /* MJRefreshHeader.m in Sources */,
				51DE3075247FA60800660B90 /* UIScrollView+MJRefresh.m in Sources */,
				5176311B24825023000B8E00 /* NSObject+hook.m in Sources */,
				51DE303D247F4DE400660B90 /* main.m in Sources */,
				977E5D87248384F100B85C35 /* LXWaveProgressView.m in Sources */,
				51DE3085247FA60800660B90 /* MJRefreshBackFooter.m in Sources */,
				51DE3079247FA60800660B90 /* UIView+MJExtension.m in Sources */,
				977E5D88248384F100B85C35 /* INSHud.m in Sources */,
				5176311024824E04000B8E00 /* DepartMent.m in Sources */,
			);
			runOnlyForDeploymentPostprocessing = 0;
		};
/* End PBXSourcesBuildPhase section */

/* Begin PBXVariantGroup section */
		51DE3033247F4DE200660B90 /* Main.storyboard */ = {
			isa = PBXVariantGroup;
			children = (
				51DE3034247F4DE200660B90 /* Base */,
			);
			name = Main.storyboard;
			sourceTree = "<group>";
		};
		51DE3038247F4DE400660B90 /* LaunchScreen.storyboard */ = {
			isa = PBXVariantGroup;
			children = (
				51DE3039247F4DE400660B90 /* Base */,
			);
			name = LaunchScreen.storyboard;
			sourceTree = "<group>";
		};
/* End PBXVariantGroup section */

/* Begin XCBuildConfiguration section */
		51DE303E247F4DE400660B90 /* Debug */ = {
			isa = XCBuildConfiguration;
			buildSettings = {
				ALWAYS_SEARCH_USER_PATHS = NO;
				CLANG_ANALYZER_NONNULL = YES;
				CLANG_ANALYZER_NUMBER_OBJECT_CONVERSION = YES_AGGRESSIVE;
				CLANG_CXX_LANGUAGE_STANDARD = "gnu++14";
				CLANG_CXX_LIBRARY = "libc++";
				CLANG_ENABLE_MODULES = YES;
				CLANG_ENABLE_OBJC_ARC = YES;
				CLANG_ENABLE_OBJC_WEAK = YES;
				CLANG_WARN_BLOCK_CAPTURE_AUTORELEASING = YES;
				CLANG_WARN_BOOL_CONVERSION = YES;
				CLANG_WARN_COMMA = YES;
				CLANG_WARN_CONSTANT_CONVERSION = YES;
				CLANG_WARN_DEPRECATED_OBJC_IMPLEMENTATIONS = YES;
				CLANG_WARN_DIRECT_OBJC_ISA_USAGE = YES_ERROR;
				CLANG_WARN_DOCUMENTATION_COMMENTS = YES;
				CLANG_WARN_EMPTY_BODY = YES;
				CLANG_WARN_ENUM_CONVERSION = YES;
				CLANG_WARN_INFINITE_RECURSION = YES;
				CLANG_WARN_INT_CONVERSION = YES;
				CLANG_WARN_NON_LITERAL_NULL_CONVERSION = YES;
				CLANG_WARN_OBJC_IMPLICIT_RETAIN_SELF = YES;
				CLANG_WARN_OBJC_LITERAL_CONVERSION = YES;
				CLANG_WARN_OBJC_ROOT_CLASS = YES_ERROR;
				CLANG_WARN_RANGE_LOOP_ANALYSIS = YES;
				CLANG_WARN_STRICT_PROTOTYPES = YES;
				CLANG_WARN_SUSPICIOUS_MOVE = YES;
				CLANG_WARN_UNGUARDED_AVAILABILITY = YES_AGGRESSIVE;
				CLANG_WARN_UNREACHABLE_CODE = YES;
				CLANG_WARN__DUPLICATE_METHOD_MATCH = YES;
				COPY_PHASE_STRIP = NO;
				DEBUG_INFORMATION_FORMAT = dwarf;
				ENABLE_STRICT_OBJC_MSGSEND = YES;
				ENABLE_TESTABILITY = YES;
				GCC_C_LANGUAGE_STANDARD = gnu11;
				GCC_DYNAMIC_NO_PIC = NO;
				GCC_NO_COMMON_BLOCKS = YES;
				GCC_OPTIMIZATION_LEVEL = 0;
				GCC_PREPROCESSOR_DEFINITIONS = (
					"DEBUG=1",
					"$(inherited)",
				);
				GCC_WARN_64_TO_32_BIT_CONVERSION = YES;
				GCC_WARN_ABOUT_RETURN_TYPE = YES_ERROR;
				GCC_WARN_UNDECLARED_SELECTOR = YES;
				GCC_WARN_UNINITIALIZED_AUTOS = YES_AGGRESSIVE;
				GCC_WARN_UNUSED_FUNCTION = YES;
				GCC_WARN_UNUSED_VARIABLE = YES;
				IPHONEOS_DEPLOYMENT_TARGET = 13.2;
				MTL_ENABLE_DEBUG_INFO = INCLUDE_SOURCE;
				MTL_FAST_MATH = YES;
				ONLY_ACTIVE_ARCH = YES;
				SDKROOT = iphoneos;
			};
			name = Debug;
		};
		51DE303F247F4DE400660B90 /* Release */ = {
			isa = XCBuildConfiguration;
			buildSettings = {
				ALWAYS_SEARCH_USER_PATHS = NO;
				CLANG_ANALYZER_NONNULL = YES;
				CLANG_ANALYZER_NUMBER_OBJECT_CONVERSION = YES_AGGRESSIVE;
				CLANG_CXX_LANGUAGE_STANDARD = "gnu++14";
				CLANG_CXX_LIBRARY = "libc++";
				CLANG_ENABLE_MODULES = YES;
				CLANG_ENABLE_OBJC_ARC = YES;
				CLANG_ENABLE_OBJC_WEAK = YES;
				CLANG_WARN_BLOCK_CAPTURE_AUTORELEASING = YES;
				CLANG_WARN_BOOL_CONVERSION = YES;
				CLANG_WARN_COMMA = YES;
				CLANG_WARN_CONSTANT_CONVERSION = YES;
				CLANG_WARN_DEPRECATED_OBJC_IMPLEMENTATIONS = YES;
				CLANG_WARN_DIRECT_OBJC_ISA_USAGE = YES_ERROR;
				CLANG_WARN_DOCUMENTATION_COMMENTS = YES;
				CLANG_WARN_EMPTY_BODY = YES;
				CLANG_WARN_ENUM_CONVERSION = YES;
				CLANG_WARN_INFINITE_RECURSION = YES;
				CLANG_WARN_INT_CONVERSION = YES;
				CLANG_WARN_NON_LITERAL_NULL_CONVERSION = YES;
				CLANG_WARN_OBJC_IMPLICIT_RETAIN_SELF = YES;
				CLANG_WARN_OBJC_LITERAL_CONVERSION = YES;
				CLANG_WARN_OBJC_ROOT_CLASS = YES_ERROR;
				CLANG_WARN_RANGE_LOOP_ANALYSIS = YES;
				CLANG_WARN_STRICT_PROTOTYPES = YES;
				CLANG_WARN_SUSPICIOUS_MOVE = YES;
				CLANG_WARN_UNGUARDED_AVAILABILITY = YES_AGGRESSIVE;
				CLANG_WARN_UNREACHABLE_CODE = YES;
				CLANG_WARN__DUPLICATE_METHOD_MATCH = YES;
				COPY_PHASE_STRIP = NO;
				DEBUG_INFORMATION_FORMAT = "dwarf-with-dsym";
				ENABLE_NS_ASSERTIONS = NO;
				ENABLE_STRICT_OBJC_MSGSEND = YES;
				GCC_C_LANGUAGE_STANDARD = gnu11;
				GCC_NO_COMMON_BLOCKS = YES;
				GCC_WARN_64_TO_32_BIT_CONVERSION = YES;
				GCC_WARN_ABOUT_RETURN_TYPE = YES_ERROR;
				GCC_WARN_UNDECLARED_SELECTOR = YES;
				GCC_WARN_UNINITIALIZED_AUTOS = YES_AGGRESSIVE;
				GCC_WARN_UNUSED_FUNCTION = YES;
				GCC_WARN_UNUSED_VARIABLE = YES;
				IPHONEOS_DEPLOYMENT_TARGET = 13.2;
				MTL_ENABLE_DEBUG_INFO = NO;
				MTL_FAST_MATH = YES;
				SDKROOT = iphoneos;
				VALIDATE_PRODUCT = YES;
			};
			name = Release;
		};
		51DE3041247F4DE400660B90 /* Debug */ = {
			isa = XCBuildConfiguration;
			baseConfigurationReference = 1DAA82B5F515BD84400503BC /* Pods-INS.debug.xcconfig */;
			buildSettings = {
				ASSETCATALOG_COMPILER_APPICON_NAME = AppIcon;
				CODE_SIGN_STYLE = Automatic;
				DEVELOPMENT_TEAM = CQNZ85QPJM;
				GCC_PREFIX_HEADER = "$(SRCROOT)/INS/Resource（资源）/PrefixHeader.pch";
				INFOPLIST_FILE = INS/Info.plist;
				IPHONEOS_DEPLOYMENT_TARGET = 9.0;
				LD_RUNPATH_SEARCH_PATHS = (
					"$(inherited)",
					"@executable_path/Frameworks",
				);
				LIBRARY_SEARCH_PATHS = (
					"$(inherited)",
					"$(PROJECT_DIR)/INS/Tool（工具）/wechat",
				);
				OTHER_LDFLAGS = (
					"$(inherited)",
					"-ObjC",
					"-l\"AFNetworking\"",
					"-l\"CYLTabBarController\"",
					"-l\"FMDB\"",
					"-l\"IQKeyboardManager\"",
					"-l\"JSONModel\"",
					"-l\"MJExtension\"",
					"-l\"SDWebImage\"",
					"-l\"SVProgressHUD\"",
					"-l\"WeChatSDK\"",
					"-l\"c++\"",
					"-l\"sqlite3\"",
					"-l\"sqlite3.0\"",
					"-l\"z\"",
					"-framework",
					"\"CFNetwork\"",
					"-framework",
					"\"CoreGraphics\"",
					"-framework",
					"\"CoreTelephony\"",
					"-framework",
					"\"Foundation\"",
					"-framework",
					"\"ImageIO\"",
					"-framework",
					"\"MobileCoreServices\"",
					"-framework",
					"\"QuartzCore\"",
					"-framework",
					"\"Security\"",
					"-framework",
					"\"SystemConfiguration\"",
					"-framework",
					"\"UIKit\"",
					"-all_load",
				);
				PRODUCT_BUNDLE_IDENTIFIER = ut.com.INS;
				PRODUCT_NAME = "$(TARGET_NAME)";
				TARGETED_DEVICE_FAMILY = 1;
			};
			name = Debug;
		};
		51DE3042247F4DE400660B90 /* Release */ = {
			isa = XCBuildConfiguration;
			baseConfigurationReference = 8DFB7D6A22B8510F980CC871 /* Pods-INS.release.xcconfig */;
			buildSettings = {
				ASSETCATALOG_COMPILER_APPICON_NAME = AppIcon;
				CODE_SIGN_STYLE = Automatic;
				DEVELOPMENT_TEAM = CQNZ85QPJM;
				GCC_PREFIX_HEADER = "$(SRCROOT)/INS/Resource（资源）/PrefixHeader.pch";
				INFOPLIST_FILE = INS/Info.plist;
				IPHONEOS_DEPLOYMENT_TARGET = 9.0;
				LD_RUNPATH_SEARCH_PATHS = (
					"$(inherited)",
					"@executable_path/Frameworks",
				);
				LIBRARY_SEARCH_PATHS = (
					"$(inherited)",
					"$(PROJECT_DIR)/INS/Tool（工具）/wechat",
				);
				OTHER_LDFLAGS = (
					"$(inherited)",
					"-ObjC",
					"-l\"AFNetworking\"",
					"-l\"CYLTabBarController\"",
					"-l\"FMDB\"",
					"-l\"IQKeyboardManager\"",
					"-l\"JSONModel\"",
					"-l\"MJExtension\"",
					"-l\"SDWebImage\"",
					"-l\"SVProgressHUD\"",
					"-l\"WeChatSDK\"",
					"-l\"c++\"",
					"-l\"sqlite3\"",
					"-l\"sqlite3.0\"",
					"-l\"z\"",
					"-framework",
					"\"CFNetwork\"",
					"-framework",
					"\"CoreGraphics\"",
					"-framework",
					"\"CoreTelephony\"",
					"-framework",
					"\"Foundation\"",
					"-framework",
					"\"ImageIO\"",
					"-framework",
					"\"MobileCoreServices\"",
					"-framework",
					"\"QuartzCore\"",
					"-framework",
					"\"Security\"",
					"-framework",
					"\"SystemConfiguration\"",
					"-framework",
					"\"UIKit\"",
					"-all_load",
				);
				PRODUCT_BUNDLE_IDENTIFIER = ut.com.INS;
				PRODUCT_NAME = "$(TARGET_NAME)";
				TARGETED_DEVICE_FAMILY = 1;
			};
			name = Release;
		};
/* End XCBuildConfiguration section */

/* Begin XCConfigurationList section */
		51DE3022247F4DE200660B90 /* Build configuration list for PBXProject "INS" */ = {
			isa = XCConfigurationList;
			buildConfigurations = (
				51DE303E247F4DE400660B90 /* Debug */,
				51DE303F247F4DE400660B90 /* Release */,
			);
			defaultConfigurationIsVisible = 0;
			defaultConfigurationName = Release;
		};
		51DE3040247F4DE400660B90 /* Build configuration list for PBXNativeTarget "INS" */ = {
			isa = XCConfigurationList;
			buildConfigurations = (
				51DE3041247F4DE400660B90 /* Debug */,
				51DE3042247F4DE400660B90 /* Release */,
			);
			defaultConfigurationIsVisible = 0;
			defaultConfigurationName = Release;
		};
/* End XCConfigurationList section */
	};
	rootObject = 51DE301F247F4DE200660B90 /* Project object */;
}
